
Microsoft Visual Studio Solution File, Format Version 12.00
# Visual Studio 15
VisualStudioVersion = 15.0.27130.2036
MinimumVisualStudioVersion = 10.0.40219.1
Project("{9A19103F-16F7-4668-BE54-9A1E7A4F7556}") = "CargaDadosPremierLeague", "CargaDadosPremierLeague\CargaDadosPremierLeague.csproj", "{9A1EF30C-595B-4E31-9664-7B09B83003A9}"
EndProject
Project("{FAE04EC0-301F-11D3-BF4B-00C04F79EFBC}") = "APIDadosPremierLeague", "APIDadosPremierLeague\APIDadosPremierLeague.csproj", "{04D9A2A3-4A63-4F4B-A04C-C5A3E7A9D6CA}"
EndProject
Global
	GlobalSection(SolutionConfigurationPlatforms) = preSolution
		Debug|Any CPU = Debug|Any CPU
		Release|Any CPU = Release|Any CPU
	EndGlobalSection
	GlobalSection(ProjectConfigurationPlatforms) = postSolution
		{9A1EF30C-595B-4E31-9664-7B09B83003A9}.Debug|Any CPU.ActiveCfg = Debug|Any CPU
		{9A1EF30C-595B-4E31-9664-7B09B83003A9}.Debug|Any CPU.Build.0 = Debug|Any CPU
		{9A1EF30C-595B-4E31-9664-7B09B83003A9}.Release|Any CPU.ActiveCfg = Release|Any CPU
		{9A1EF30C-595B-4E31-9664-7B09B83003A9}.Release|Any CPU.Build.0 = Release|Any CPU
		{04D9A2A3-4A63-4F4B-A04C-C5A3E7A9D6CA}.Debug|Any CPU.ActiveCfg = Debug|Any CPU
		{04D9A2A3-4A63-4F4B-A04C-C5A3E7A9D6CA}.Debug|Any CPU.Build.0 = Debug|Any CPU
		{04D9A2A3-4A63-4F4B-A04C-C5A3E7A9D6CA}.Release|Any CPU.ActiveCfg = Release|Any CPU
		{04D9A2A3-4A63-4F4B-A04C-C5A3E7A9D6CA}.Release|Any CPU.Build.0 = Release|Any CPU
	EndGlobalSection
	GlobalSection(SolutionProperties) = preSolution
		HideSolutionNode = FALSE
	EndGlobalSection
	GlobalSection(ExtensibilityGlobals) = postSolution
		SolutionGuid = {A5E9F2A7-B57A-40EB-8749-A5EA9BB6DC00}
	EndGlobalSection
EndGlobal
